
Microsoft Visual Studio Solution File, Format Version 12.00
# Visual Studio Version 16
VisualStudioVersion = 16.0.29728.190
MinimumVisualStudioVersion = 10.0.40219.1
Project("{FAE04EC0-301F-11D3-BF4B-00C04F79EFBC}") = "06.12.00_Decimal_To_Binary_Conversion", "06.12.00_Decimal_To_Binary_Conversion.csproj", "{C1041BB4-7C18-476A-ACEE-CF68F5ED295A}"
EndProject
Global
	GlobalSection(SolutionConfigurationPlatforms) = preSolution
		Debug|Any CPU = Debug|Any CPU
		Release|Any CPU = Release|Any CPU
	EndGlobalSection
	GlobalSection(ProjectConfigurationPlatforms) = postSolution
		{C1041BB4-7C18-476A-ACEE-CF68F5ED295A}.Debug|Any CPU.ActiveCfg = Debug|Any CPU
		{C1041BB4-7C18-476A-ACEE-CF68F5ED295A}.Debug|Any CPU.Build.0 = Debug|Any CPU
		{C1041BB4-7C18-476A-ACEE-CF68F5ED295A}.Release|Any CPU.ActiveCfg = Release|Any CPU
		{C1041BB4-7C18-476A-ACEE-CF68F5ED295A}.Release|Any CPU.Build.0 = Release|Any CPU
	EndGlobalSection
	GlobalSection(SolutionProperties) = preSolution
		HideSolutionNode = FALSE
	EndGlobalSection
	GlobalSection(ExtensibilityGlobals) = postSolution
		SolutionGuid = {1FAD1A9E-4083-4CE4-9544-3CC8F93740CA}
	EndGlobalSection
EndGlobal
