
Microsoft Visual Studio Solution File, Format Version 12.00
# Visual Studio Version 16
VisualStudioVersion = 16.0.808.4
MinimumVisualStudioVersion = 10.0.40219.1
Project("{FAE04EC0-301F-11D3-BF4B-00C04F79EFBC}") = "10.07_FindPermutations", "10.07_FindPermutations\10.07_FindPermutations.csproj", "{C4CC50B3-E741-4F84-AA22-6C58EB24892E}"
EndProject
Global
	GlobalSection(SolutionConfigurationPlatforms) = preSolution
		Debug|Any CPU = Debug|Any CPU
		Release|Any CPU = Release|Any CPU
	EndGlobalSection
	GlobalSection(ProjectConfigurationPlatforms) = postSolution
		{C4CC50B3-E741-4F84-AA22-6C58EB24892E}.Debug|Any CPU.ActiveCfg = Debug|Any CPU
		{C4CC50B3-E741-4F84-AA22-6C58EB24892E}.Debug|Any CPU.Build.0 = Debug|Any CPU
		{C4CC50B3-E741-4F84-AA22-6C58EB24892E}.Release|Any CPU.ActiveCfg = Release|Any CPU
		{C4CC50B3-E741-4F84-AA22-6C58EB24892E}.Release|Any CPU.Build.0 = Release|Any CPU
	EndGlobalSection
	GlobalSection(SolutionProperties) = preSolution
		HideSolutionNode = FALSE
	EndGlobalSection
	GlobalSection(ExtensibilityGlobals) = postSolution
		SolutionGuid = {E449AD7B-A65C-4245-AACC-9A8494644739}
	EndGlobalSection
EndGlobal
