
Microsoft Visual Studio Solution File, Format Version 12.00
# Visual Studio Version 16
VisualStudioVersion = 16.0.808.4
MinimumVisualStudioVersion = 10.0.40219.1
Project("{FAE04EC0-301F-11D3-BF4B-00C04F79EFBC}") = "08.14_Studies_In_Numeral_Types_Precision", "08.14_Studies_In_Numeral_Types_Precision\08.14_Studies_In_Numeral_Types_Precision.csproj", "{204E87D6-98B4-4A7E-AB78-45458AB4E034}"
EndProject
Global
	GlobalSection(SolutionConfigurationPlatforms) = preSolution
		Debug|Any CPU = Debug|Any CPU
		Release|Any CPU = Release|Any CPU
	EndGlobalSection
	GlobalSection(ProjectConfigurationPlatforms) = postSolution
		{204E87D6-98B4-4A7E-AB78-45458AB4E034}.Debug|Any CPU.ActiveCfg = Debug|Any CPU
		{204E87D6-98B4-4A7E-AB78-45458AB4E034}.Debug|Any CPU.Build.0 = Debug|Any CPU
		{204E87D6-98B4-4A7E-AB78-45458AB4E034}.Release|Any CPU.ActiveCfg = Release|Any CPU
		{204E87D6-98B4-4A7E-AB78-45458AB4E034}.Release|Any CPU.Build.0 = Release|Any CPU
	EndGlobalSection
	GlobalSection(SolutionProperties) = preSolution
		HideSolutionNode = FALSE
	EndGlobalSection
	GlobalSection(ExtensibilityGlobals) = postSolution
		SolutionGuid = {C254B967-33C5-4E16-8971-8B14687BCBF7}
	EndGlobalSection
EndGlobal
