
Microsoft Visual Studio Solution File, Format Version 12.00
# Visual Studio Version 16
VisualStudioVersion = 16.0.808.4
MinimumVisualStudioVersion = 10.0.40219.1
Project("{FAE04EC0-301F-11D3-BF4B-00C04F79EFBC}") = "06.12.02_UniversalBinaryConverter", "06.12.02_UniversalBinaryConverter.csproj", "{F37AFC0F-8574-4BBF-984D-22E41A6951E5}"
EndProject
Global
	GlobalSection(SolutionConfigurationPlatforms) = preSolution
		Debug|Any CPU = Debug|Any CPU
		Release|Any CPU = Release|Any CPU
	EndGlobalSection
	GlobalSection(ProjectConfigurationPlatforms) = postSolution
		{F37AFC0F-8574-4BBF-984D-22E41A6951E5}.Debug|Any CPU.ActiveCfg = Debug|Any CPU
		{F37AFC0F-8574-4BBF-984D-22E41A6951E5}.Debug|Any CPU.Build.0 = Debug|Any CPU
		{F37AFC0F-8574-4BBF-984D-22E41A6951E5}.Release|Any CPU.ActiveCfg = Release|Any CPU
		{F37AFC0F-8574-4BBF-984D-22E41A6951E5}.Release|Any CPU.Build.0 = Release|Any CPU
	EndGlobalSection
	GlobalSection(SolutionProperties) = preSolution
		HideSolutionNode = FALSE
	EndGlobalSection
	GlobalSection(ExtensibilityGlobals) = postSolution
		SolutionGuid = {503F927B-1DDA-4F9B-BF0A-3685A2528947}
	EndGlobalSection
EndGlobal
