
Microsoft Visual Studio Solution File, Format Version 12.00
# Visual Studio Version 16
VisualStudioVersion = 16.0.809.7
MinimumVisualStudioVersion = 10.0.40219.1
Project("{FAE04EC0-301F-11D3-BF4B-00C04F79EFBC}") = "CustomCollections", "CustomCollections.csproj", "{D6E5A579-C887-476B-AE0B-46B957D9DD01}"
EndProject
Global
	GlobalSection(SolutionConfigurationPlatforms) = preSolution
		Debug|Any CPU = Debug|Any CPU
		Release|Any CPU = Release|Any CPU
	EndGlobalSection
	GlobalSection(ProjectConfigurationPlatforms) = postSolution
		{D6E5A579-C887-476B-AE0B-46B957D9DD01}.Debug|Any CPU.ActiveCfg = Debug|Any CPU
		{D6E5A579-C887-476B-AE0B-46B957D9DD01}.Debug|Any CPU.Build.0 = Debug|Any CPU
		{D6E5A579-C887-476B-AE0B-46B957D9DD01}.Release|Any CPU.ActiveCfg = Release|Any CPU
		{D6E5A579-C887-476B-AE0B-46B957D9DD01}.Release|Any CPU.Build.0 = Release|Any CPU
	EndGlobalSection
	GlobalSection(SolutionProperties) = preSolution
		HideSolutionNode = FALSE
	EndGlobalSection
	GlobalSection(ExtensibilityGlobals) = postSolution
		SolutionGuid = {F2E2A979-D80F-44B6-A0E5-0425EC51F6FF}
	EndGlobalSection
EndGlobal
