
Microsoft Visual Studio Solution File, Format Version 12.00
# Visual Studio Version 16
VisualStudioVersion = 16.0.808.5
MinimumVisualStudioVersion = 10.0.40219.1
Project("{FAE04EC0-301F-11D3-BF4B-00C04F79EFBC}") = "MatrixEditor", "Matrices\MatrixEditor.csproj", "{9E172004-A270-4814-BF27-DE31B0A3BB7F}"
EndProject
Global
	GlobalSection(SolutionConfigurationPlatforms) = preSolution
		Debug|Any CPU = Debug|Any CPU
		Release|Any CPU = Release|Any CPU
	EndGlobalSection
	GlobalSection(ProjectConfigurationPlatforms) = postSolution
		{9E172004-A270-4814-BF27-DE31B0A3BB7F}.Debug|Any CPU.ActiveCfg = Debug|Any CPU
		{9E172004-A270-4814-BF27-DE31B0A3BB7F}.Debug|Any CPU.Build.0 = Debug|Any CPU
		{9E172004-A270-4814-BF27-DE31B0A3BB7F}.Release|Any CPU.ActiveCfg = Release|Any CPU
		{9E172004-A270-4814-BF27-DE31B0A3BB7F}.Release|Any CPU.Build.0 = Release|Any CPU
	EndGlobalSection
	GlobalSection(SolutionProperties) = preSolution
		HideSolutionNode = FALSE
	EndGlobalSection
	GlobalSection(ExtensibilityGlobals) = postSolution
		SolutionGuid = {C3AEF9D9-33F9-47A4-8290-390F2CF3EE3C}
	EndGlobalSection
EndGlobal
