
Microsoft Visual Studio Solution File, Format Version 12.00
# Visual Studio Version 16
VisualStudioVersion = 16.0.808.5
MinimumVisualStudioVersion = 10.0.40219.1
Project("{FAE04EC0-301F-11D3-BF4B-00C04F79EFBC}") = "11.01_GeneratingRandomNumbers", "11.01_GeneratingRandomNumbers\11.01_GeneratingRandomNumbers.csproj", "{D411B3BE-1CAE-4752-B212-CF5200AAE24A}"
EndProject
Global
	GlobalSection(SolutionConfigurationPlatforms) = preSolution
		Debug|Any CPU = Debug|Any CPU
		Release|Any CPU = Release|Any CPU
	EndGlobalSection
	GlobalSection(ProjectConfigurationPlatforms) = postSolution
		{D411B3BE-1CAE-4752-B212-CF5200AAE24A}.Debug|Any CPU.ActiveCfg = Debug|Any CPU
		{D411B3BE-1CAE-4752-B212-CF5200AAE24A}.Debug|Any CPU.Build.0 = Debug|Any CPU
		{D411B3BE-1CAE-4752-B212-CF5200AAE24A}.Release|Any CPU.ActiveCfg = Release|Any CPU
		{D411B3BE-1CAE-4752-B212-CF5200AAE24A}.Release|Any CPU.Build.0 = Release|Any CPU
	EndGlobalSection
	GlobalSection(SolutionProperties) = preSolution
		HideSolutionNode = FALSE
	EndGlobalSection
	GlobalSection(ExtensibilityGlobals) = postSolution
		SolutionGuid = {F6C42AFC-CD3B-481C-B5AF-66B70AB369D2}
	EndGlobalSection
EndGlobal
