
Microsoft Visual Studio Solution File, Format Version 12.00
# Visual Studio Version 16
VisualStudioVersion = 16.0.29728.190
MinimumVisualStudioVersion = 10.0.40219.1
Project("{FAE04EC0-301F-11D3-BF4B-00C04F79EFBC}") = "02.03.01_Comparing float variables by textbook", "02.03.01_Comparing float variables by textbook.csproj", "{45E97CAD-45E2-48AF-AA21-2F9546539086}"
EndProject
Global
	GlobalSection(SolutionConfigurationPlatforms) = preSolution
		Debug|Any CPU = Debug|Any CPU
		Release|Any CPU = Release|Any CPU
	EndGlobalSection
	GlobalSection(ProjectConfigurationPlatforms) = postSolution
		{45E97CAD-45E2-48AF-AA21-2F9546539086}.Debug|Any CPU.ActiveCfg = Debug|Any CPU
		{45E97CAD-45E2-48AF-AA21-2F9546539086}.Debug|Any CPU.Build.0 = Debug|Any CPU
		{45E97CAD-45E2-48AF-AA21-2F9546539086}.Release|Any CPU.ActiveCfg = Release|Any CPU
		{45E97CAD-45E2-48AF-AA21-2F9546539086}.Release|Any CPU.Build.0 = Release|Any CPU
	EndGlobalSection
	GlobalSection(SolutionProperties) = preSolution
		HideSolutionNode = FALSE
	EndGlobalSection
	GlobalSection(ExtensibilityGlobals) = postSolution
		SolutionGuid = {5A429B41-97CD-4EB1-9FCD-C66D1ECD4378}
	EndGlobalSection
EndGlobal
