
Microsoft Visual Studio Solution File, Format Version 12.00
# Visual Studio Version 16
VisualStudioVersion = 16.0.808.4
MinimumVisualStudioVersion = 10.0.40219.1
Project("{FAE04EC0-301F-11D3-BF4B-00C04F79EFBC}") = "10.03_CalculatingCombinationsWithRepetition", "10.03_CalculatingCombinationsWithRepetition\10.03_CalculatingCombinationsWithRepetition.csproj", "{9F6F6656-02D2-4366-B795-97FBE78C7782}"
EndProject
Global
	GlobalSection(SolutionConfigurationPlatforms) = preSolution
		Debug|Any CPU = Debug|Any CPU
		Release|Any CPU = Release|Any CPU
	EndGlobalSection
	GlobalSection(ProjectConfigurationPlatforms) = postSolution
		{9F6F6656-02D2-4366-B795-97FBE78C7782}.Debug|Any CPU.ActiveCfg = Debug|Any CPU
		{9F6F6656-02D2-4366-B795-97FBE78C7782}.Debug|Any CPU.Build.0 = Debug|Any CPU
		{9F6F6656-02D2-4366-B795-97FBE78C7782}.Release|Any CPU.ActiveCfg = Release|Any CPU
		{9F6F6656-02D2-4366-B795-97FBE78C7782}.Release|Any CPU.Build.0 = Release|Any CPU
	EndGlobalSection
	GlobalSection(SolutionProperties) = preSolution
		HideSolutionNode = FALSE
	EndGlobalSection
	GlobalSection(ExtensibilityGlobals) = postSolution
		SolutionGuid = {FA987464-E027-4698-8DDA-95781D6FF63F}
	EndGlobalSection
EndGlobal
