
Microsoft Visual Studio Solution File, Format Version 12.00
# Visual Studio Version 16
VisualStudioVersion = 16.0.29728.190
MinimumVisualStudioVersion = 10.0.40219.1
Project("{FAE04EC0-301F-11D3-BF4B-00C04F79EFBC}") = "07.01_Simple Array", "07.01_Simple Array.csproj", "{0D477B17-249A-4992-892D-7A6EEFABE43C}"
EndProject
Global
	GlobalSection(SolutionConfigurationPlatforms) = preSolution
		Debug|Any CPU = Debug|Any CPU
		Release|Any CPU = Release|Any CPU
	EndGlobalSection
	GlobalSection(ProjectConfigurationPlatforms) = postSolution
		{0D477B17-249A-4992-892D-7A6EEFABE43C}.Debug|Any CPU.ActiveCfg = Debug|Any CPU
		{0D477B17-249A-4992-892D-7A6EEFABE43C}.Debug|Any CPU.Build.0 = Debug|Any CPU
		{0D477B17-249A-4992-892D-7A6EEFABE43C}.Release|Any CPU.ActiveCfg = Release|Any CPU
		{0D477B17-249A-4992-892D-7A6EEFABE43C}.Release|Any CPU.Build.0 = Release|Any CPU
	EndGlobalSection
	GlobalSection(SolutionProperties) = preSolution
		HideSolutionNode = FALSE
	EndGlobalSection
	GlobalSection(ExtensibilityGlobals) = postSolution
		SolutionGuid = {B474BA82-8BD1-4023-AE8C-BECA8EED7012}
	EndGlobalSection
EndGlobal
