
Microsoft Visual Studio Solution File, Format Version 12.00
# Visual Studio Version 16
VisualStudioVersion = 16.0.29728.190
MinimumVisualStudioVersion = 10.0.40219.1
Project("{FAE04EC0-301F-11D3-BF4B-00C04F79EFBC}") = "04.05.00_BasicSwitchUse", "04.05.00_BasicSwitchUse.csproj", "{BD7F28D2-68D2-4C21-B7B3-D687DAED9AF3}"
EndProject
Global
	GlobalSection(SolutionConfigurationPlatforms) = preSolution
		Debug|Any CPU = Debug|Any CPU
		Release|Any CPU = Release|Any CPU
	EndGlobalSection
	GlobalSection(ProjectConfigurationPlatforms) = postSolution
		{BD7F28D2-68D2-4C21-B7B3-D687DAED9AF3}.Debug|Any CPU.ActiveCfg = Debug|Any CPU
		{BD7F28D2-68D2-4C21-B7B3-D687DAED9AF3}.Debug|Any CPU.Build.0 = Debug|Any CPU
		{BD7F28D2-68D2-4C21-B7B3-D687DAED9AF3}.Release|Any CPU.ActiveCfg = Release|Any CPU
		{BD7F28D2-68D2-4C21-B7B3-D687DAED9AF3}.Release|Any CPU.Build.0 = Release|Any CPU
	EndGlobalSection
	GlobalSection(SolutionProperties) = preSolution
		HideSolutionNode = FALSE
	EndGlobalSection
	GlobalSection(ExtensibilityGlobals) = postSolution
		SolutionGuid = {A5157EDF-CEB0-4F51-AC66-F20EF8B18C6E}
	EndGlobalSection
EndGlobal
