
Microsoft Visual Studio Solution File, Format Version 12.00
# Visual Studio Version 16
VisualStudioVersion = 16.0.29728.190
MinimumVisualStudioVersion = 10.0.40219.1
Project("{FAE04EC0-301F-11D3-BF4B-00C04F79EFBC}") = "05.04.00_DescendingOrderWithCyclesAndArray", "05.04.00_DescendingOrderWithCyclesAndArray.csproj", "{9DE0885E-D2B1-4627-AECB-A7545D370076}"
EndProject
Global
	GlobalSection(SolutionConfigurationPlatforms) = preSolution
		Debug|Any CPU = Debug|Any CPU
		Release|Any CPU = Release|Any CPU
	EndGlobalSection
	GlobalSection(ProjectConfigurationPlatforms) = postSolution
		{9DE0885E-D2B1-4627-AECB-A7545D370076}.Debug|Any CPU.ActiveCfg = Debug|Any CPU
		{9DE0885E-D2B1-4627-AECB-A7545D370076}.Debug|Any CPU.Build.0 = Debug|Any CPU
		{9DE0885E-D2B1-4627-AECB-A7545D370076}.Release|Any CPU.ActiveCfg = Release|Any CPU
		{9DE0885E-D2B1-4627-AECB-A7545D370076}.Release|Any CPU.Build.0 = Release|Any CPU
	EndGlobalSection
	GlobalSection(SolutionProperties) = preSolution
		HideSolutionNode = FALSE
	EndGlobalSection
	GlobalSection(ExtensibilityGlobals) = postSolution
		SolutionGuid = {8A8E863B-C01F-4D50-B196-0A9A01227154}
	EndGlobalSection
EndGlobal
