
Microsoft Visual Studio Solution File, Format Version 12.00
# Visual Studio Version 16
VisualStudioVersion = 16.0.808.5
MinimumVisualStudioVersion = 10.0.40219.1
Project("{FAE04EC0-301F-11D3-BF4B-00C04F79EFBC}") = "BFS_DirectoryTraverser", "BFS_DirectoryTraverser.csproj", "{840D5ED4-067E-4D06-9439-4E23805020F7}"
EndProject
Global
	GlobalSection(SolutionConfigurationPlatforms) = preSolution
		Debug|Any CPU = Debug|Any CPU
		Release|Any CPU = Release|Any CPU
	EndGlobalSection
	GlobalSection(ProjectConfigurationPlatforms) = postSolution
		{840D5ED4-067E-4D06-9439-4E23805020F7}.Debug|Any CPU.ActiveCfg = Debug|Any CPU
		{840D5ED4-067E-4D06-9439-4E23805020F7}.Debug|Any CPU.Build.0 = Debug|Any CPU
		{840D5ED4-067E-4D06-9439-4E23805020F7}.Release|Any CPU.ActiveCfg = Release|Any CPU
		{840D5ED4-067E-4D06-9439-4E23805020F7}.Release|Any CPU.Build.0 = Release|Any CPU
	EndGlobalSection
	GlobalSection(SolutionProperties) = preSolution
		HideSolutionNode = FALSE
	EndGlobalSection
	GlobalSection(ExtensibilityGlobals) = postSolution
		SolutionGuid = {D253FFC4-CA41-43FD-86DD-EE4456D9B2BD}
	EndGlobalSection
EndGlobal
