
Microsoft Visual Studio Solution File, Format Version 12.00
# Visual Studio Version 16
VisualStudioVersion = 16.0.29728.190
MinimumVisualStudioVersion = 10.0.40219.1
Project("{FAE04EC0-301F-11D3-BF4B-00C04F79EFBC}") = "05.03.00_Nested_If_Statements", "05.03.00_Nested_If_Statements.csproj", "{714AAE4E-1A06-456C-A2CD-13FE2258E3A6}"
EndProject
Global
	GlobalSection(SolutionConfigurationPlatforms) = preSolution
		Debug|Any CPU = Debug|Any CPU
		Release|Any CPU = Release|Any CPU
	EndGlobalSection
	GlobalSection(ProjectConfigurationPlatforms) = postSolution
		{714AAE4E-1A06-456C-A2CD-13FE2258E3A6}.Debug|Any CPU.ActiveCfg = Debug|Any CPU
		{714AAE4E-1A06-456C-A2CD-13FE2258E3A6}.Debug|Any CPU.Build.0 = Debug|Any CPU
		{714AAE4E-1A06-456C-A2CD-13FE2258E3A6}.Release|Any CPU.ActiveCfg = Release|Any CPU
		{714AAE4E-1A06-456C-A2CD-13FE2258E3A6}.Release|Any CPU.Build.0 = Release|Any CPU
	EndGlobalSection
	GlobalSection(SolutionProperties) = preSolution
		HideSolutionNode = FALSE
	EndGlobalSection
	GlobalSection(ExtensibilityGlobals) = postSolution
		SolutionGuid = {8DD90C32-2743-4730-B8BA-DDF550C27E7E}
	EndGlobalSection
EndGlobal
