
Microsoft Visual Studio Solution File, Format Version 12.00
# Visual Studio Version 16
VisualStudioVersion = 16.0.808.5
MinimumVisualStudioVersion = 10.0.40219.1
Project("{FAE04EC0-301F-11D3-BF4B-00C04F79EFBC}") = "11.07_ProjectHierarchyPractice", "11.07_ProjectHierarchyPractice\11.07_ProjectHierarchyPractice.csproj", "{DCC136C3-1F17-4AED-A904-7A5AB982738F}"
EndProject
Project("{2150E333-8FDC-42A3-9474-1A3956D46DE8}") = "CreatingAndUsingObjects", "CreatingAndUsingObjects", "{BA739058-A1BA-4669-9486-4FD5D015D40E}"
EndProject
Global
	GlobalSection(SolutionConfigurationPlatforms) = preSolution
		Debug|Any CPU = Debug|Any CPU
		Release|Any CPU = Release|Any CPU
	EndGlobalSection
	GlobalSection(ProjectConfigurationPlatforms) = postSolution
		{DCC136C3-1F17-4AED-A904-7A5AB982738F}.Debug|Any CPU.ActiveCfg = Debug|Any CPU
		{DCC136C3-1F17-4AED-A904-7A5AB982738F}.Debug|Any CPU.Build.0 = Debug|Any CPU
		{DCC136C3-1F17-4AED-A904-7A5AB982738F}.Release|Any CPU.ActiveCfg = Release|Any CPU
		{DCC136C3-1F17-4AED-A904-7A5AB982738F}.Release|Any CPU.Build.0 = Release|Any CPU
	EndGlobalSection
	GlobalSection(SolutionProperties) = preSolution
		HideSolutionNode = FALSE
	EndGlobalSection
	GlobalSection(ExtensibilityGlobals) = postSolution
		SolutionGuid = {E0E84F55-150C-4DA8-94FA-6C53F86D450B}
	EndGlobalSection
EndGlobal
