
Microsoft Visual Studio Solution File, Format Version 12.00
# Visual Studio Version 16
VisualStudioVersion = 16.0.29728.190
MinimumVisualStudioVersion = 10.0.40219.1
Project("{FAE04EC0-301F-11D3-BF4B-00C04F79EFBC}") = "03.07.00_CalculatingMoonWeight", "03.07.00_CalculatingMoonWeight.csproj", "{A763F56D-4FA5-49B0-A54E-56FE417F0164}"
EndProject
Global
	GlobalSection(SolutionConfigurationPlatforms) = preSolution
		Debug|Any CPU = Debug|Any CPU
		Release|Any CPU = Release|Any CPU
	EndGlobalSection
	GlobalSection(ProjectConfigurationPlatforms) = postSolution
		{A763F56D-4FA5-49B0-A54E-56FE417F0164}.Debug|Any CPU.ActiveCfg = Debug|Any CPU
		{A763F56D-4FA5-49B0-A54E-56FE417F0164}.Debug|Any CPU.Build.0 = Debug|Any CPU
		{A763F56D-4FA5-49B0-A54E-56FE417F0164}.Release|Any CPU.ActiveCfg = Release|Any CPU
		{A763F56D-4FA5-49B0-A54E-56FE417F0164}.Release|Any CPU.Build.0 = Release|Any CPU
	EndGlobalSection
	GlobalSection(SolutionProperties) = preSolution
		HideSolutionNode = FALSE
	EndGlobalSection
	GlobalSection(ExtensibilityGlobals) = postSolution
		SolutionGuid = {B989FD0D-BE2E-45E1-9D55-002BD4C114E9}
	EndGlobalSection
EndGlobal
