
Microsoft Visual Studio Solution File, Format Version 12.00
# Visual Studio Version 16
VisualStudioVersion = 16.0.809.7
MinimumVisualStudioVersion = 10.0.40219.1
Project("{FAE04EC0-301F-11D3-BF4B-00C04F79EFBC}") = "Hashtables", "Hashtables\Hashtables.csproj", "{55955397-DABA-4F72-8B15-36E1D161CAE2}"
EndProject
Global
	GlobalSection(SolutionConfigurationPlatforms) = preSolution
		Debug|Any CPU = Debug|Any CPU
		Release|Any CPU = Release|Any CPU
	EndGlobalSection
	GlobalSection(ProjectConfigurationPlatforms) = postSolution
		{55955397-DABA-4F72-8B15-36E1D161CAE2}.Debug|Any CPU.ActiveCfg = Debug|Any CPU
		{55955397-DABA-4F72-8B15-36E1D161CAE2}.Debug|Any CPU.Build.0 = Debug|Any CPU
		{55955397-DABA-4F72-8B15-36E1D161CAE2}.Release|Any CPU.ActiveCfg = Release|Any CPU
		{55955397-DABA-4F72-8B15-36E1D161CAE2}.Release|Any CPU.Build.0 = Release|Any CPU
	EndGlobalSection
	GlobalSection(SolutionProperties) = preSolution
		HideSolutionNode = FALSE
	EndGlobalSection
	GlobalSection(ExtensibilityGlobals) = postSolution
		SolutionGuid = {40394DC7-E28D-449E-92D2-6A6C4E89E48D}
	EndGlobalSection
EndGlobal
