
Microsoft Visual Studio Solution File, Format Version 12.00
# Visual Studio Version 16
VisualStudioVersion = 16.0.29728.190
MinimumVisualStudioVersion = 10.0.40219.1
Project("{FAE04EC0-301F-11D3-BF4B-00C04F79EFBC}") = "03.01.00_Checking_If_Odd", "03.01.00_Checking_If_Odd.csproj", "{1A53FA7C-E8D3-4B1D-8371-0DD6DB831591}"
EndProject
Global
	GlobalSection(SolutionConfigurationPlatforms) = preSolution
		Debug|Any CPU = Debug|Any CPU
		Release|Any CPU = Release|Any CPU
	EndGlobalSection
	GlobalSection(ProjectConfigurationPlatforms) = postSolution
		{1A53FA7C-E8D3-4B1D-8371-0DD6DB831591}.Debug|Any CPU.ActiveCfg = Debug|Any CPU
		{1A53FA7C-E8D3-4B1D-8371-0DD6DB831591}.Debug|Any CPU.Build.0 = Debug|Any CPU
		{1A53FA7C-E8D3-4B1D-8371-0DD6DB831591}.Release|Any CPU.ActiveCfg = Release|Any CPU
		{1A53FA7C-E8D3-4B1D-8371-0DD6DB831591}.Release|Any CPU.Build.0 = Release|Any CPU
	EndGlobalSection
	GlobalSection(SolutionProperties) = preSolution
		HideSolutionNode = FALSE
	EndGlobalSection
	GlobalSection(ExtensibilityGlobals) = postSolution
		SolutionGuid = {75F63C61-E76A-42CB-A02A-AB08555575D7}
	EndGlobalSection
EndGlobal
