
Microsoft Visual Studio Solution File, Format Version 12.00
# Visual Studio Version 16
VisualStudioVersion = 16.0.29728.190
MinimumVisualStudioVersion = 10.0.40219.1
Project("{FAE04EC0-301F-11D3-BF4B-00C04F79EFBC}") = "05.01.00_SImple_If_Program", "05.01.00_SImple_If_Program.csproj", "{EFE83336-E10B-4560-B61D-0CC07E405685}"
EndProject
Global
	GlobalSection(SolutionConfigurationPlatforms) = preSolution
		Debug|Any CPU = Debug|Any CPU
		Release|Any CPU = Release|Any CPU
	EndGlobalSection
	GlobalSection(ProjectConfigurationPlatforms) = postSolution
		{EFE83336-E10B-4560-B61D-0CC07E405685}.Debug|Any CPU.ActiveCfg = Debug|Any CPU
		{EFE83336-E10B-4560-B61D-0CC07E405685}.Debug|Any CPU.Build.0 = Debug|Any CPU
		{EFE83336-E10B-4560-B61D-0CC07E405685}.Release|Any CPU.ActiveCfg = Release|Any CPU
		{EFE83336-E10B-4560-B61D-0CC07E405685}.Release|Any CPU.Build.0 = Release|Any CPU
	EndGlobalSection
	GlobalSection(SolutionProperties) = preSolution
		HideSolutionNode = FALSE
	EndGlobalSection
	GlobalSection(ExtensibilityGlobals) = postSolution
		SolutionGuid = {5D59A75F-EB46-4D79-A827-F64DC332D632}
	EndGlobalSection
EndGlobal
