
Microsoft Visual Studio Solution File, Format Version 12.00
# Visual Studio Version 16
VisualStudioVersion = 16.0.808.5
MinimumVisualStudioVersion = 10.0.40219.1
Project("{FAE04EC0-301F-11D3-BF4B-00C04F79EFBC}") = "TextFileEditor", "TextFileEditor\TextFileEditor.csproj", "{BC4791CA-8A54-4D98-98F0-925C4F8028F6}"
EndProject
Global
	GlobalSection(SolutionConfigurationPlatforms) = preSolution
		Debug|Any CPU = Debug|Any CPU
		Release|Any CPU = Release|Any CPU
	EndGlobalSection
	GlobalSection(ProjectConfigurationPlatforms) = postSolution
		{BC4791CA-8A54-4D98-98F0-925C4F8028F6}.Debug|Any CPU.ActiveCfg = Debug|Any CPU
		{BC4791CA-8A54-4D98-98F0-925C4F8028F6}.Debug|Any CPU.Build.0 = Debug|Any CPU
		{BC4791CA-8A54-4D98-98F0-925C4F8028F6}.Release|Any CPU.ActiveCfg = Release|Any CPU
		{BC4791CA-8A54-4D98-98F0-925C4F8028F6}.Release|Any CPU.Build.0 = Release|Any CPU
	EndGlobalSection
	GlobalSection(SolutionProperties) = preSolution
		HideSolutionNode = FALSE
	EndGlobalSection
	GlobalSection(ExtensibilityGlobals) = postSolution
		SolutionGuid = {34BA94A0-7FC7-414E-ACA8-E4AB53FC669C}
	EndGlobalSection
EndGlobal
