
Microsoft Visual Studio Solution File, Format Version 12.00
# Visual Studio Version 16
VisualStudioVersion = 16.0.808.4
MinimumVisualStudioVersion = 10.0.40219.1
Project("{FAE04EC0-301F-11D3-BF4B-00C04F79EFBC}") = "09.15_RealNumberRepresentation", "09.15_RealNumberRepresentation\09.15_RealNumberRepresentation.csproj", "{472576B9-094A-4BC6-9CA2-C1EF76CA1B13}"
EndProject
Global
	GlobalSection(SolutionConfigurationPlatforms) = preSolution
		Debug|Any CPU = Debug|Any CPU
		Release|Any CPU = Release|Any CPU
	EndGlobalSection
	GlobalSection(ProjectConfigurationPlatforms) = postSolution
		{472576B9-094A-4BC6-9CA2-C1EF76CA1B13}.Debug|Any CPU.ActiveCfg = Debug|Any CPU
		{472576B9-094A-4BC6-9CA2-C1EF76CA1B13}.Debug|Any CPU.Build.0 = Debug|Any CPU
		{472576B9-094A-4BC6-9CA2-C1EF76CA1B13}.Release|Any CPU.ActiveCfg = Release|Any CPU
		{472576B9-094A-4BC6-9CA2-C1EF76CA1B13}.Release|Any CPU.Build.0 = Release|Any CPU
	EndGlobalSection
	GlobalSection(SolutionProperties) = preSolution
		HideSolutionNode = FALSE
	EndGlobalSection
	GlobalSection(ExtensibilityGlobals) = postSolution
		SolutionGuid = {F7B89AD1-8061-4806-8A1A-D62B0CCB2C40}
	EndGlobalSection
EndGlobal
