
Microsoft Visual Studio Solution File, Format Version 12.00
# Visual Studio Version 16
VisualStudioVersion = 16.0.808.5
MinimumVisualStudioVersion = 10.0.40219.1
Project("{FAE04EC0-301F-11D3-BF4B-00C04F79EFBC}") = "StringSorter", "StringSorter\StringSorter.csproj", "{252F681A-1D50-4511-940F-2606A7575B1E}"
EndProject
Global
	GlobalSection(SolutionConfigurationPlatforms) = preSolution
		Debug|Any CPU = Debug|Any CPU
		Release|Any CPU = Release|Any CPU
	EndGlobalSection
	GlobalSection(ProjectConfigurationPlatforms) = postSolution
		{252F681A-1D50-4511-940F-2606A7575B1E}.Debug|Any CPU.ActiveCfg = Debug|Any CPU
		{252F681A-1D50-4511-940F-2606A7575B1E}.Debug|Any CPU.Build.0 = Debug|Any CPU
		{252F681A-1D50-4511-940F-2606A7575B1E}.Release|Any CPU.ActiveCfg = Release|Any CPU
		{252F681A-1D50-4511-940F-2606A7575B1E}.Release|Any CPU.Build.0 = Release|Any CPU
	EndGlobalSection
	GlobalSection(SolutionProperties) = preSolution
		HideSolutionNode = FALSE
	EndGlobalSection
	GlobalSection(ExtensibilityGlobals) = postSolution
		SolutionGuid = {725E2DA4-F8E6-4AC7-8349-3C6ED0BCF693}
	EndGlobalSection
EndGlobal
