
Microsoft Visual Studio Solution File, Format Version 12.00
# Visual Studio Version 16
VisualStudioVersion = 16.0.808.5
MinimumVisualStudioVersion = 10.0.40219.1
Project("{FAE04EC0-301F-11D3-BF4B-00C04F79EFBC}") = "NamesSorter", "NamesSorter\NamesSorter.csproj", "{77A7AF9F-2162-4772-9E78-15B05EB13919}"
EndProject
Global
	GlobalSection(SolutionConfigurationPlatforms) = preSolution
		Debug|Any CPU = Debug|Any CPU
		Release|Any CPU = Release|Any CPU
	EndGlobalSection
	GlobalSection(ProjectConfigurationPlatforms) = postSolution
		{77A7AF9F-2162-4772-9E78-15B05EB13919}.Debug|Any CPU.ActiveCfg = Debug|Any CPU
		{77A7AF9F-2162-4772-9E78-15B05EB13919}.Debug|Any CPU.Build.0 = Debug|Any CPU
		{77A7AF9F-2162-4772-9E78-15B05EB13919}.Release|Any CPU.ActiveCfg = Release|Any CPU
		{77A7AF9F-2162-4772-9E78-15B05EB13919}.Release|Any CPU.Build.0 = Release|Any CPU
	EndGlobalSection
	GlobalSection(SolutionProperties) = preSolution
		HideSolutionNode = FALSE
	EndGlobalSection
	GlobalSection(ExtensibilityGlobals) = postSolution
		SolutionGuid = {09C455A7-818C-472F-B041-F921673D393D}
	EndGlobalSection
EndGlobal
