
Microsoft Visual Studio Solution File, Format Version 12.00
# Visual Studio Version 16
VisualStudioVersion = 16.0.29728.190
MinimumVisualStudioVersion = 10.0.40219.1
Project("{FAE04EC0-301F-11D3-BF4B-00C04F79EFBC}") = "02.12.21_DeclaringMoreVariables", "02.12.21_DeclaringMoreVariables.csproj", "{8654A3C4-94BD-470B-81AE-2A2D45509226}"
EndProject
Global
	GlobalSection(SolutionConfigurationPlatforms) = preSolution
		Debug|Any CPU = Debug|Any CPU
		Release|Any CPU = Release|Any CPU
	EndGlobalSection
	GlobalSection(ProjectConfigurationPlatforms) = postSolution
		{8654A3C4-94BD-470B-81AE-2A2D45509226}.Debug|Any CPU.ActiveCfg = Debug|Any CPU
		{8654A3C4-94BD-470B-81AE-2A2D45509226}.Debug|Any CPU.Build.0 = Debug|Any CPU
		{8654A3C4-94BD-470B-81AE-2A2D45509226}.Release|Any CPU.ActiveCfg = Release|Any CPU
		{8654A3C4-94BD-470B-81AE-2A2D45509226}.Release|Any CPU.Build.0 = Release|Any CPU
	EndGlobalSection
	GlobalSection(SolutionProperties) = preSolution
		HideSolutionNode = FALSE
	EndGlobalSection
	GlobalSection(ExtensibilityGlobals) = postSolution
		SolutionGuid = {5E46E4A4-06BB-4832-A216-9FFF56D0DF56}
	EndGlobalSection
EndGlobal
