
Microsoft Visual Studio Solution File, Format Version 12.00
# Visual Studio Version 16
VisualStudioVersion = 16.0.808.4
MinimumVisualStudioVersion = 10.0.40219.1
Project("{FAE04EC0-301F-11D3-BF4B-00C04F79EFBC}") = "06.12.01_ConvertingFromDecimalToBinary", "06.12.01_ConvertingFromDecimalToBinary\06.12.01_ConvertingFromDecimalToBinary.csproj", "{AD0A24ED-3729-4BA0-A4D3-903E3A174CB6}"
EndProject
Global
	GlobalSection(SolutionConfigurationPlatforms) = preSolution
		Debug|Any CPU = Debug|Any CPU
		Release|Any CPU = Release|Any CPU
	EndGlobalSection
	GlobalSection(ProjectConfigurationPlatforms) = postSolution
		{AD0A24ED-3729-4BA0-A4D3-903E3A174CB6}.Debug|Any CPU.ActiveCfg = Debug|Any CPU
		{AD0A24ED-3729-4BA0-A4D3-903E3A174CB6}.Debug|Any CPU.Build.0 = Debug|Any CPU
		{AD0A24ED-3729-4BA0-A4D3-903E3A174CB6}.Release|Any CPU.ActiveCfg = Release|Any CPU
		{AD0A24ED-3729-4BA0-A4D3-903E3A174CB6}.Release|Any CPU.Build.0 = Release|Any CPU
	EndGlobalSection
	GlobalSection(SolutionProperties) = preSolution
		HideSolutionNode = FALSE
	EndGlobalSection
	GlobalSection(ExtensibilityGlobals) = postSolution
		SolutionGuid = {03313E28-D049-475B-B5CC-DB5FCC1F7CB2}
	EndGlobalSection
EndGlobal
