
Microsoft Visual Studio Solution File, Format Version 12.00
# Visual Studio Version 16
VisualStudioVersion = 16.0.29728.190
MinimumVisualStudioVersion = 10.0.40219.1
Project("{FAE04EC0-301F-11D3-BF4B-00C04F79EFBC}") = "07.10_Most_Common_Element_of_Array", "07.10_Most_Common_Element_of_Array.csproj", "{2FA1569F-9275-4C3A-B43C-9248EB42EF5C}"
EndProject
Global
	GlobalSection(SolutionConfigurationPlatforms) = preSolution
		Debug|Any CPU = Debug|Any CPU
		Release|Any CPU = Release|Any CPU
	EndGlobalSection
	GlobalSection(ProjectConfigurationPlatforms) = postSolution
		{2FA1569F-9275-4C3A-B43C-9248EB42EF5C}.Debug|Any CPU.ActiveCfg = Debug|Any CPU
		{2FA1569F-9275-4C3A-B43C-9248EB42EF5C}.Debug|Any CPU.Build.0 = Debug|Any CPU
		{2FA1569F-9275-4C3A-B43C-9248EB42EF5C}.Release|Any CPU.ActiveCfg = Release|Any CPU
		{2FA1569F-9275-4C3A-B43C-9248EB42EF5C}.Release|Any CPU.Build.0 = Release|Any CPU
	EndGlobalSection
	GlobalSection(SolutionProperties) = preSolution
		HideSolutionNode = FALSE
	EndGlobalSection
	GlobalSection(ExtensibilityGlobals) = postSolution
		SolutionGuid = {DDAF5427-1DC1-4B1D-87FF-45C0B88ADFA1}
	EndGlobalSection
EndGlobal
